{
  "name": "com.lmnt.unity",
  "version": "0.2.1",
  "lockfileVersion": 3,
  "requires": true,
  "packages": {
    "": {
      "name": "com.lmnt.unity",
      "version": "0.2.1",
      "dependencies": {
        "com.lmnt.unity": "file:"
      }
    },
    "node_modules/com.lmnt.unity": {
      "resolved": "",
      "link": true
    }
  }
}
